
Microsoft Visual Studio Solution File, Format Version 12.00
# Visual Studio Version 17
VisualStudioVersion = 17.2.32505.173
MinimumVisualStudioVersion = 10.0.40219.1
Project("{FAE04EC0-301F-11D3-BF4B-00C04F79EFBC}") = "QuestRoom", "QuestRoom\QuestRoom.csproj", "{46A02ABD-4968-4026-B350-272B1300A358}"
EndProject
Project("{FAE04EC0-301F-11D3-BF4B-00C04F79EFBC}") = "QuestRoom.DomainModel", "QuestRoom.DomainModel\QuestRoom.DomainModel.csproj", "{3253028B-B251-4562-9838-8D1AE51DF3A9}"
EndProject
Project("{FAE04EC0-301F-11D3-BF4B-00C04F79EFBC}") = "QuestRoom.Interfaces", "QuestRoom.Interfaces\QuestRoom.Interfaces.csproj", "{6A46F230-202A-4B61-BE3C-924BE7CB8EA0}"
EndProject
Project("{FAE04EC0-301F-11D3-BF4B-00C04F79EFBC}") = "QuestRoom.DataAccess", "QuestRoom.DataAccess\QuestRoom.DataAccess.csproj", "{06BBBC6B-A209-486D-905E-116FA6A5363C}"
EndProject
Project("{FAE04EC0-301F-11D3-BF4B-00C04F79EFBC}") = "QuestRoom.BusinessLogic", "QuestRoom.BusinessLogic\QuestRoom.BusinessLogic.csproj", "{DC51DEB8-01A1-4FC8-8807-FF171477FF11}"
EndProject
Project("{FAE04EC0-301F-11D3-BF4B-00C04F79EFBC}") = "QuestRoom.ViewModel", "QuestRoom.ViewModel\QuestRoom.ViewModel.csproj", "{E4466369-710E-4D44-925E-C69C9A940BD5}"
EndProject
Global
	GlobalSection(SolutionConfigurationPlatforms) = preSolution
		Debug|Any CPU = Debug|Any CPU
		Release|Any CPU = Release|Any CPU
	EndGlobalSection
	GlobalSection(ProjectConfigurationPlatforms) = postSolution
		{46A02ABD-4968-4026-B350-272B1300A358}.Debug|Any CPU.ActiveCfg = Debug|Any CPU
		{46A02ABD-4968-4026-B350-272B1300A358}.Debug|Any CPU.Build.0 = Debug|Any CPU
		{46A02ABD-4968-4026-B350-272B1300A358}.Release|Any CPU.ActiveCfg = Release|Any CPU
		{46A02ABD-4968-4026-B350-272B1300A358}.Release|Any CPU.Build.0 = Release|Any CPU
		{3253028B-B251-4562-9838-8D1AE51DF3A9}.Debug|Any CPU.ActiveCfg = Debug|Any CPU
		{3253028B-B251-4562-9838-8D1AE51DF3A9}.Debug|Any CPU.Build.0 = Debug|Any CPU
		{3253028B-B251-4562-9838-8D1AE51DF3A9}.Release|Any CPU.ActiveCfg = Release|Any CPU
		{3253028B-B251-4562-9838-8D1AE51DF3A9}.Release|Any CPU.Build.0 = Release|Any CPU
		{6A46F230-202A-4B61-BE3C-924BE7CB8EA0}.Debug|Any CPU.ActiveCfg = Debug|Any CPU
		{6A46F230-202A-4B61-BE3C-924BE7CB8EA0}.Debug|Any CPU.Build.0 = Debug|Any CPU
		{6A46F230-202A-4B61-BE3C-924BE7CB8EA0}.Release|Any CPU.ActiveCfg = Release|Any CPU
		{6A46F230-202A-4B61-BE3C-924BE7CB8EA0}.Release|Any CPU.Build.0 = Release|Any CPU
		{06BBBC6B-A209-486D-905E-116FA6A5363C}.Debug|Any CPU.ActiveCfg = Debug|Any CPU
		{06BBBC6B-A209-486D-905E-116FA6A5363C}.Debug|Any CPU.Build.0 = Debug|Any CPU
		{06BBBC6B-A209-486D-905E-116FA6A5363C}.Release|Any CPU.ActiveCfg = Release|Any CPU
		{06BBBC6B-A209-486D-905E-116FA6A5363C}.Release|Any CPU.Build.0 = Release|Any CPU
		{DC51DEB8-01A1-4FC8-8807-FF171477FF11}.Debug|Any CPU.ActiveCfg = Debug|Any CPU
		{DC51DEB8-01A1-4FC8-8807-FF171477FF11}.Debug|Any CPU.Build.0 = Debug|Any CPU
		{DC51DEB8-01A1-4FC8-8807-FF171477FF11}.Release|Any CPU.ActiveCfg = Release|Any CPU
		{DC51DEB8-01A1-4FC8-8807-FF171477FF11}.Release|Any CPU.Build.0 = Release|Any CPU
		{E4466369-710E-4D44-925E-C69C9A940BD5}.Debug|Any CPU.ActiveCfg = Debug|Any CPU
		{E4466369-710E-4D44-925E-C69C9A940BD5}.Debug|Any CPU.Build.0 = Debug|Any CPU
		{E4466369-710E-4D44-925E-C69C9A940BD5}.Release|Any CPU.ActiveCfg = Release|Any CPU
		{E4466369-710E-4D44-925E-C69C9A940BD5}.Release|Any CPU.Build.0 = Release|Any CPU
	EndGlobalSection
	GlobalSection(SolutionProperties) = preSolution
		HideSolutionNode = FALSE
	EndGlobalSection
	GlobalSection(ExtensibilityGlobals) = postSolution
		SolutionGuid = {6A405B6E-034A-417B-B25B-291F2C2A6853}
	EndGlobalSection
EndGlobal
