
Microsoft Visual Studio Solution File, Format Version 12.00
# Visual Studio Version 17
VisualStudioVersion = 17.2.32505.173
MinimumVisualStudioVersion = 10.0.40219.1
Project("{9A19103F-16F7-4668-BE54-9A1E7A4F7556}") = "QuestRoom.DomainModel", "QuestRoom.DomainModel\QuestRoom.DomainModel.csproj", "{3253028B-B251-4562-9838-8D1AE51DF3A9}"
EndProject
Project("{9A19103F-16F7-4668-BE54-9A1E7A4F7556}") = "QuestRoom.Interfaces", "QuestRoom.Interfaces\QuestRoom.Interfaces.csproj", "{6A46F230-202A-4B61-BE3C-924BE7CB8EA0}"
EndProject
Project("{9A19103F-16F7-4668-BE54-9A1E7A4F7556}") = "QuestRoom.BusinessLogic", "QuestRoom.BusinessLogic\QuestRoom.BusinessLogic.csproj", "{DC51DEB8-01A1-4FC8-8807-FF171477FF11}"
EndProject
Project("{9A19103F-16F7-4668-BE54-9A1E7A4F7556}") = "QuestRoom.ViewModel", "QuestRoom.ViewModel\QuestRoom.ViewModel.csproj", "{E4466369-710E-4D44-925E-C69C9A940BD5}"
EndProject
Project("{9A19103F-16F7-4668-BE54-9A1E7A4F7556}") = "QuestRoom.Common", "QuestRoom.Common\QuestRoom.Common.csproj", "{620364EA-F053-4078-90EE-436B7B32764F}"
EndProject
Project("{9A19103F-16F7-4668-BE54-9A1E7A4F7556}") = "QuestRoom.DataAccess", "QuestRoom.DataAccess\QuestRoom.DataAccess.csproj", "{DC634162-AE48-4544-9E29-6E13E289271E}"
EndProject
Project("{9A19103F-16F7-4668-BE54-9A1E7A4F7556}") = "QuestRoom.Web.Server", "QuestRoom.Web\Server\QuestRoom.Web.Server.csproj", "{03B0AE42-3E46-48C8-A38D-47E01F1380E0}"
EndProject
Project("{9A19103F-16F7-4668-BE54-9A1E7A4F7556}") = "QuestRoom.Web.Client", "QuestRoom.Web\Client\QuestRoom.Web.Client.csproj", "{8782C93D-AB2C-40EA-BD22-E4BD15A5B444}"
EndProject
Project("{2150E333-8FDC-42A3-9474-1A3956D46DE8}") = "Testing", "Testing", "{D997884C-80AF-4273-B3CB-C6A675F669A9}"
EndProject
Project("{FAE04EC0-301F-11D3-BF4B-00C04F79EFBC}") = "QuestRoom", "QuestRoom\QuestRoom.csproj", "{6DE64248-3CA0-4E9B-AEC8-596AED3A043D}"
EndProject
Global
	GlobalSection(SolutionConfigurationPlatforms) = preSolution
		Debug|Any CPU = Debug|Any CPU
		Release|Any CPU = Release|Any CPU
	EndGlobalSection
	GlobalSection(ProjectConfigurationPlatforms) = postSolution
		{3253028B-B251-4562-9838-8D1AE51DF3A9}.Debug|Any CPU.ActiveCfg = Debug|Any CPU
		{3253028B-B251-4562-9838-8D1AE51DF3A9}.Debug|Any CPU.Build.0 = Debug|Any CPU
		{3253028B-B251-4562-9838-8D1AE51DF3A9}.Release|Any CPU.ActiveCfg = Release|Any CPU
		{3253028B-B251-4562-9838-8D1AE51DF3A9}.Release|Any CPU.Build.0 = Release|Any CPU
		{6A46F230-202A-4B61-BE3C-924BE7CB8EA0}.Debug|Any CPU.ActiveCfg = Debug|Any CPU
		{6A46F230-202A-4B61-BE3C-924BE7CB8EA0}.Debug|Any CPU.Build.0 = Debug|Any CPU
		{6A46F230-202A-4B61-BE3C-924BE7CB8EA0}.Release|Any CPU.ActiveCfg = Release|Any CPU
		{6A46F230-202A-4B61-BE3C-924BE7CB8EA0}.Release|Any CPU.Build.0 = Release|Any CPU
		{DC51DEB8-01A1-4FC8-8807-FF171477FF11}.Debug|Any CPU.ActiveCfg = Debug|Any CPU
		{DC51DEB8-01A1-4FC8-8807-FF171477FF11}.Debug|Any CPU.Build.0 = Debug|Any CPU
		{DC51DEB8-01A1-4FC8-8807-FF171477FF11}.Release|Any CPU.ActiveCfg = Release|Any CPU
		{DC51DEB8-01A1-4FC8-8807-FF171477FF11}.Release|Any CPU.Build.0 = Release|Any CPU
		{E4466369-710E-4D44-925E-C69C9A940BD5}.Debug|Any CPU.ActiveCfg = Debug|Any CPU
		{E4466369-710E-4D44-925E-C69C9A940BD5}.Debug|Any CPU.Build.0 = Debug|Any CPU
		{E4466369-710E-4D44-925E-C69C9A940BD5}.Release|Any CPU.ActiveCfg = Release|Any CPU
		{E4466369-710E-4D44-925E-C69C9A940BD5}.Release|Any CPU.Build.0 = Release|Any CPU
		{620364EA-F053-4078-90EE-436B7B32764F}.Debug|Any CPU.ActiveCfg = Debug|Any CPU
		{620364EA-F053-4078-90EE-436B7B32764F}.Debug|Any CPU.Build.0 = Debug|Any CPU
		{620364EA-F053-4078-90EE-436B7B32764F}.Release|Any CPU.ActiveCfg = Release|Any CPU
		{620364EA-F053-4078-90EE-436B7B32764F}.Release|Any CPU.Build.0 = Release|Any CPU
		{DC634162-AE48-4544-9E29-6E13E289271E}.Debug|Any CPU.ActiveCfg = Debug|Any CPU
		{DC634162-AE48-4544-9E29-6E13E289271E}.Debug|Any CPU.Build.0 = Debug|Any CPU
		{DC634162-AE48-4544-9E29-6E13E289271E}.Release|Any CPU.ActiveCfg = Release|Any CPU
		{DC634162-AE48-4544-9E29-6E13E289271E}.Release|Any CPU.Build.0 = Release|Any CPU
		{03B0AE42-3E46-48C8-A38D-47E01F1380E0}.Debug|Any CPU.ActiveCfg = Debug|Any CPU
		{03B0AE42-3E46-48C8-A38D-47E01F1380E0}.Debug|Any CPU.Build.0 = Debug|Any CPU
		{03B0AE42-3E46-48C8-A38D-47E01F1380E0}.Release|Any CPU.ActiveCfg = Release|Any CPU
		{03B0AE42-3E46-48C8-A38D-47E01F1380E0}.Release|Any CPU.Build.0 = Release|Any CPU
		{8782C93D-AB2C-40EA-BD22-E4BD15A5B444}.Debug|Any CPU.ActiveCfg = Debug|Any CPU
		{8782C93D-AB2C-40EA-BD22-E4BD15A5B444}.Debug|Any CPU.Build.0 = Debug|Any CPU
		{8782C93D-AB2C-40EA-BD22-E4BD15A5B444}.Release|Any CPU.ActiveCfg = Release|Any CPU
		{8782C93D-AB2C-40EA-BD22-E4BD15A5B444}.Release|Any CPU.Build.0 = Release|Any CPU
		{6DE64248-3CA0-4E9B-AEC8-596AED3A043D}.Debug|Any CPU.ActiveCfg = Debug|Any CPU
		{6DE64248-3CA0-4E9B-AEC8-596AED3A043D}.Debug|Any CPU.Build.0 = Debug|Any CPU
		{6DE64248-3CA0-4E9B-AEC8-596AED3A043D}.Release|Any CPU.ActiveCfg = Release|Any CPU
		{6DE64248-3CA0-4E9B-AEC8-596AED3A043D}.Release|Any CPU.Build.0 = Release|Any CPU
	EndGlobalSection
	GlobalSection(SolutionProperties) = preSolution
		HideSolutionNode = FALSE
	EndGlobalSection
	GlobalSection(NestedProjects) = preSolution
		{6DE64248-3CA0-4E9B-AEC8-596AED3A043D} = {D997884C-80AF-4273-B3CB-C6A675F669A9}
	EndGlobalSection
	GlobalSection(ExtensibilityGlobals) = postSolution
		SolutionGuid = {6A405B6E-034A-417B-B25B-291F2C2A6853}
	EndGlobalSection
EndGlobal
